
Microsoft Visual Studio Solution File, Format Version 12.00
# Visual Studio 15
Project("{FAE04EC0-301F-11D3-BF4B-00C04F79EFBC}") = "Unity.Timeline", "Unity.Timeline.csproj", "{F1F8B2AF-3FB9-868F-96E4-9D9ECC6F01F1}"
EndProject
Project("{FAE04EC0-301F-11D3-BF4B-00C04F79EFBC}") = "Unity.Timeline.Editor", "Unity.Timeline.Editor.csproj", "{4833F17B-607C-B29A-9293-930EEA2FE123}"
EndProject
Project("{FAE04EC0-301F-11D3-BF4B-00C04F79EFBC}") = "Unity.ShaderGraph.Editor", "Unity.ShaderGraph.Editor.csproj", "{34B44BEC-6FFA-166D-B297-1EFCBD01AD8C}"
EndProject
Project("{FAE04EC0-301F-11D3-BF4B-00C04F79EFBC}") = "Unity.RenderPipelines.Universal.Editor", "Unity.RenderPipelines.Universal.Editor.csproj", "{A2537EB0-DB2D-7B40-CE73-B1752D6F4FFF}"
EndProject
Project("{FAE04EC0-301F-11D3-BF4B-00C04F79EFBC}") = "Unity.TextMeshPro.Editor", "Unity.TextMeshPro.Editor.csproj", "{F484AFE0-D1B6-2D82-74B1-81885589BE32}"
EndProject
Project("{FAE04EC0-301F-11D3-BF4B-00C04F79EFBC}") = "Unity.VisualScripting.Flow", "Unity.VisualScripting.Flow.csproj", "{76D95D5F-98BF-99BB-F9D7-70DD77B2F930}"
EndProject
Project("{FAE04EC0-301F-11D3-BF4B-00C04F79EFBC}") = "Unity.RenderPipelines.Universal.Runtime", "Unity.RenderPipelines.Universal.Runtime.csproj", "{A4BEA1DC-2CB5-C922-49A6-3532D0471744}"
EndProject
Project("{FAE04EC0-301F-11D3-BF4B-00C04F79EFBC}") = "UnityEditor.UI", "UnityEditor.UI.csproj", "{DCE79869-2A00-15FC-8861-7F33015511E7}"
EndProject
Project("{FAE04EC0-301F-11D3-BF4B-00C04F79EFBC}") = "Unity.PlasticSCM.Editor", "Unity.PlasticSCM.Editor.csproj", "{0A5B2FD3-7E2F-1F35-CD11-12AA7D4C9AC5}"
EndProject
Project("{FAE04EC0-301F-11D3-BF4B-00C04F79EFBC}") = "Unity.RenderPipelines.Core.Runtime", "Unity.RenderPipelines.Core.Runtime.csproj", "{7250DE1A-281E-A87D-517C-D218DD0FAAC0}"
EndProject
Project("{FAE04EC0-301F-11D3-BF4B-00C04F79EFBC}") = "Unity.VisualScripting.Core", "Unity.VisualScripting.Core.csproj", "{B1092C49-DE33-D3E5-18BA-97A76066A8DC}"
EndProject
Project("{FAE04EC0-301F-11D3-BF4B-00C04F79EFBC}") = "Unity.Mathematics", "Unity.Mathematics.csproj", "{876BF2ED-8EF9-8AA1-845C-6553DA226CEB}"
EndProject
Project("{FAE04EC0-301F-11D3-BF4B-00C04F79EFBC}") = "Unity.RenderPipelines.Core.Editor", "Unity.RenderPipelines.Core.Editor.csproj", "{72D1CCD6-4918-D83F-4831-FEC810499423}"
EndProject
Project("{FAE04EC0-301F-11D3-BF4B-00C04F79EFBC}") = "Unity.VisualScripting.Core.Editor", "Unity.VisualScripting.Core.Editor.csproj", "{E7B16C79-E22B-E552-9AF4-CE06EA7F9AF7}"
EndProject
Project("{FAE04EC0-301F-11D3-BF4B-00C04F79EFBC}") = "Unity.VisualScripting.Flow.Editor", "Unity.VisualScripting.Flow.Editor.csproj", "{D7B5BCFC-9E25-5CC0-F9C8-6E7CB2899C85}"
EndProject
Project("{FAE04EC0-301F-11D3-BF4B-00C04F79EFBC}") = "UnityEditor.TestRunner", "UnityEditor.TestRunner.csproj", "{81DA5960-D01F-6672-0961-9D641116AD5E}"
EndProject
Project("{FAE04EC0-301F-11D3-BF4B-00C04F79EFBC}") = "Unity.VisualScripting.SettingsProvider.Editor", "Unity.VisualScripting.SettingsProvider.Editor.csproj", "{E33677FD-5CF7-3FF8-A1B9-27EAC8F29575}"
EndProject
Project("{FAE04EC0-301F-11D3-BF4B-00C04F79EFBC}") = "UnityEngine.TestRunner", "UnityEngine.TestRunner.csproj", "{AD7CD69D-A986-0CC6-B34B-CE1E4654BFFD}"
EndProject
Project("{FAE04EC0-301F-11D3-BF4B-00C04F79EFBC}") = "Unity.Searcher.Editor", "Unity.Searcher.Editor.csproj", "{1623181D-7E7E-396E-C879-A25181DC332C}"
EndProject
Project("{FAE04EC0-301F-11D3-BF4B-00C04F79EFBC}") = "Unity.Burst", "Unity.Burst.csproj", "{45736FBC-937D-8A03-FB38-B6EF9147E8E4}"
EndProject
Project("{FAE04EC0-301F-11D3-BF4B-00C04F79EFBC}") = "UnityEngine.UI", "UnityEngine.UI.csproj", "{29A9E2D0-9DD2-943E-B6D8-06373FDFD409}"
EndProject
Project("{FAE04EC0-301F-11D3-BF4B-00C04F79EFBC}") = "Unity.VisualStudio.Editor", "Unity.VisualStudio.Editor.csproj", "{1D244363-3E96-289F-2E5D-0468D7B5968C}"
EndProject
Project("{FAE04EC0-301F-11D3-BF4B-00C04F79EFBC}") = "PPv2URPConverters", "PPv2URPConverters.csproj", "{971BF1EA-A649-2D35-DEFC-F34C9AB36850}"
EndProject
Project("{FAE04EC0-301F-11D3-BF4B-00C04F79EFBC}") = "Unity.Rider.Editor", "Unity.Rider.Editor.csproj", "{BD886341-B771-E99C-436D-AA09341BF4FC}"
EndProject
Project("{FAE04EC0-301F-11D3-BF4B-00C04F79EFBC}") = "Unity.VisualScripting.State.Editor", "Unity.VisualScripting.State.Editor.csproj", "{0BEAE324-1915-5198-E2D5-2178E3866615}"
EndProject
Project("{FAE04EC0-301F-11D3-BF4B-00C04F79EFBC}") = "Unity.Burst.CodeGen", "Unity.Burst.CodeGen.csproj", "{08AE9E77-F842-48D3-E776-84C08CB15781}"
EndProject
Project("{FAE04EC0-301F-11D3-BF4B-00C04F79EFBC}") = "Unity.RenderPipeline.Universal.ShaderLibrary", "Unity.RenderPipeline.Universal.ShaderLibrary.csproj", "{C5664957-4B28-CD8F-A8FC-7FD9A7A99EF1}"
EndProject
Project("{FAE04EC0-301F-11D3-BF4B-00C04F79EFBC}") = "Unity.VisualScripting.State", "Unity.VisualScripting.State.csproj", "{BCBF7E28-6E80-1318-8441-0C7A0AF9B479}"
EndProject
Project("{FAE04EC0-301F-11D3-BF4B-00C04F79EFBC}") = "Unity.TextMeshPro", "Unity.TextMeshPro.csproj", "{5BD2E1EB-53B0-C5C9-37F5-6EA155BE1324}"
EndProject
Project("{FAE04EC0-301F-11D3-BF4B-00C04F79EFBC}") = "Unity.VSCode.Editor", "Unity.VSCode.Editor.csproj", "{75B80CB3-36C7-9E5E-BD11-CE76F6C8072E}"
EndProject
Project("{FAE04EC0-301F-11D3-BF4B-00C04F79EFBC}") = "Unity.Burst.Editor", "Unity.Burst.Editor.csproj", "{57649170-47A8-51C2-E8FC-3444E1A3A424}"
EndProject
Project("{FAE04EC0-301F-11D3-BF4B-00C04F79EFBC}") = "Unity.ShaderGraph.Utilities", "Unity.ShaderGraph.Utilities.csproj", "{1A80D323-380C-6866-3753-640EBEC1C616}"
EndProject
Project("{FAE04EC0-301F-11D3-BF4B-00C04F79EFBC}") = "Unity.Mathematics.Editor", "Unity.Mathematics.Editor.csproj", "{45C33994-CE5E-D148-253E-1EA1C72D2D34}"
EndProject
Project("{FAE04EC0-301F-11D3-BF4B-00C04F79EFBC}") = "Assembly-CSharp", "Assembly-CSharp.csproj", "{A76F5815-3D88-7AB5-1E9D-93A7759B7D9F}"
EndProject
Project("{FAE04EC0-301F-11D3-BF4B-00C04F79EFBC}") = "Assembly-CSharp-Editor", "Assembly-CSharp-Editor.csproj", "{776A8418-D388-17EF-DE20-4296526EEB5C}"
EndProject
Project("{FAE04EC0-301F-11D3-BF4B-00C04F79EFBC}") = "Unity.VisualScripting.Shared.Editor", "Unity.VisualScripting.Shared.Editor.csproj", "{17A8DE5E-24DC-43C2-FBC3-76A0C4A719FF}"
EndProject
Project("{FAE04EC0-301F-11D3-BF4B-00C04F79EFBC}") = "Unity.CollabProxy.Editor", "Unity.CollabProxy.Editor.csproj", "{2251C651-70A7-99C6-499A-4FADB8E5436F}"
EndProject
Project("{FAE04EC0-301F-11D3-BF4B-00C04F79EFBC}") = "Unity.RenderPipelines.ShaderGraph.ShaderGraphLibrary", "Unity.RenderPipelines.ShaderGraph.ShaderGraphLibrary.csproj", "{82B678C3-EE89-8270-1A5D-DB8B7018B326}"
EndProject
Project("{FAE04EC0-301F-11D3-BF4B-00C04F79EFBC}") = "Unity.RenderPipelines.Core.ShaderLibrary", "Unity.RenderPipelines.Core.ShaderLibrary.csproj", "{6049E104-397E-D997-1BC9-370C2ABB0B15}"
EndProject
Project("{FAE04EC0-301F-11D3-BF4B-00C04F79EFBC}") = "Unity.RenderPipelines.Universal.Shaders", "Unity.RenderPipelines.Universal.Shaders.csproj", "{75C48746-1751-0793-5549-6BCDE484EBE0}"
EndProject
Global
	GlobalSection(SolutionConfigurationPlatforms) = preSolution
		Debug|Any CPU = Debug|Any CPU
		Release|Any CPU = Release|Any CPU
	EndGlobalSection
	GlobalSection(ProjectConfigurationPlatforms) = postSolution
		{F1F8B2AF-3FB9-868F-96E4-9D9ECC6F01F1}.Debug|Any CPU.ActiveCfg = Debug|Any CPU
		{F1F8B2AF-3FB9-868F-96E4-9D9ECC6F01F1}.Debug|Any CPU.Build.0 = Debug|Any CPU
		{F1F8B2AF-3FB9-868F-96E4-9D9ECC6F01F1}.Release|Any CPU.ActiveCfg = Release|Any CPU
		{F1F8B2AF-3FB9-868F-96E4-9D9ECC6F01F1}.Release|Any CPU.Build.0 = Release|Any CPU
		{4833F17B-607C-B29A-9293-930EEA2FE123}.Debug|Any CPU.ActiveCfg = Debug|Any CPU
		{4833F17B-607C-B29A-9293-930EEA2FE123}.Debug|Any CPU.Build.0 = Debug|Any CPU
		{4833F17B-607C-B29A-9293-930EEA2FE123}.Release|Any CPU.ActiveCfg = Release|Any CPU
		{4833F17B-607C-B29A-9293-930EEA2FE123}.Release|Any CPU.Build.0 = Release|Any CPU
		{34B44BEC-6FFA-166D-B297-1EFCBD01AD8C}.Debug|Any CPU.ActiveCfg = Debug|Any CPU
		{34B44BEC-6FFA-166D-B297-1EFCBD01AD8C}.Debug|Any CPU.Build.0 = Debug|Any CPU
		{34B44BEC-6FFA-166D-B297-1EFCBD01AD8C}.Release|Any CPU.ActiveCfg = Release|Any CPU
		{34B44BEC-6FFA-166D-B297-1EFCBD01AD8C}.Release|Any CPU.Build.0 = Release|Any CPU
		{A2537EB0-DB2D-7B40-CE73-B1752D6F4FFF}.Debug|Any CPU.ActiveCfg = Debug|Any CPU
		{A2537EB0-DB2D-7B40-CE73-B1752D6F4FFF}.Debug|Any CPU.Build.0 = Debug|Any CPU
		{A2537EB0-DB2D-7B40-CE73-B1752D6F4FFF}.Release|Any CPU.ActiveCfg = Release|Any CPU
		{A2537EB0-DB2D-7B40-CE73-B1752D6F4FFF}.Release|Any CPU.Build.0 = Release|Any CPU
		{F484AFE0-D1B6-2D82-74B1-81885589BE32}.Debug|Any CPU.ActiveCfg = Debug|Any CPU
		{F484AFE0-D1B6-2D82-74B1-81885589BE32}.Debug|Any CPU.Build.0 = Debug|Any CPU
		{F484AFE0-D1B6-2D82-74B1-81885589BE32}.Release|Any CPU.ActiveCfg = Release|Any CPU
		{F484AFE0-D1B6-2D82-74B1-81885589BE32}.Release|Any CPU.Build.0 = Release|Any CPU
		{76D95D5F-98BF-99BB-F9D7-70DD77B2F930}.Debug|Any CPU.ActiveCfg = Debug|Any CPU
		{76D95D5F-98BF-99BB-F9D7-70DD77B2F930}.Debug|Any CPU.Build.0 = Debug|Any CPU
		{76D95D5F-98BF-99BB-F9D7-70DD77B2F930}.Release|Any CPU.ActiveCfg = Release|Any CPU
		{76D95D5F-98BF-99BB-F9D7-70DD77B2F930}.Release|Any CPU.Build.0 = Release|Any CPU
		{A4BEA1DC-2CB5-C922-49A6-3532D0471744}.Debug|Any CPU.ActiveCfg = Debug|Any CPU
		{A4BEA1DC-2CB5-C922-49A6-3532D0471744}.Debug|Any CPU.Build.0 = Debug|Any CPU
		{A4BEA1DC-2CB5-C922-49A6-3532D0471744}.Release|Any CPU.ActiveCfg = Release|Any CPU
		{A4BEA1DC-2CB5-C922-49A6-3532D0471744}.Release|Any CPU.Build.0 = Release|Any CPU
		{DCE79869-2A00-15FC-8861-7F33015511E7}.Debug|Any CPU.ActiveCfg = Debug|Any CPU
		{DCE79869-2A00-15FC-8861-7F33015511E7}.Debug|Any CPU.Build.0 = Debug|Any CPU
		{DCE79869-2A00-15FC-8861-7F33015511E7}.Release|Any CPU.ActiveCfg = Release|Any CPU
		{DCE79869-2A00-15FC-8861-7F33015511E7}.Release|Any CPU.Build.0 = Release|Any CPU
		{0A5B2FD3-7E2F-1F35-CD11-12AA7D4C9AC5}.Debug|Any CPU.ActiveCfg = Debug|Any CPU
		{0A5B2FD3-7E2F-1F35-CD11-12AA7D4C9AC5}.Debug|Any CPU.Build.0 = Debug|Any CPU
		{0A5B2FD3-7E2F-1F35-CD11-12AA7D4C9AC5}.Release|Any CPU.ActiveCfg = Release|Any CPU
		{0A5B2FD3-7E2F-1F35-CD11-12AA7D4C9AC5}.Release|Any CPU.Build.0 = Release|Any CPU
		{7250DE1A-281E-A87D-517C-D218DD0FAAC0}.Debug|Any CPU.ActiveCfg = Debug|Any CPU
		{7250DE1A-281E-A87D-517C-D218DD0FAAC0}.Debug|Any CPU.Build.0 = Debug|Any CPU
		{7250DE1A-281E-A87D-517C-D218DD0FAAC0}.Release|Any CPU.ActiveCfg = Release|Any CPU
		{7250DE1A-281E-A87D-517C-D218DD0FAAC0}.Release|Any CPU.Build.0 = Release|Any CPU
		{B1092C49-DE33-D3E5-18BA-97A76066A8DC}.Debug|Any CPU.ActiveCfg = Debug|Any CPU
		{B1092C49-DE33-D3E5-18BA-97A76066A8DC}.Debug|Any CPU.Build.0 = Debug|Any CPU
		{B1092C49-DE33-D3E5-18BA-97A76066A8DC}.Release|Any CPU.ActiveCfg = Release|Any CPU
		{B1092C49-DE33-D3E5-18BA-97A76066A8DC}.Release|Any CPU.Build.0 = Release|Any CPU
		{876BF2ED-8EF9-8AA1-845C-6553DA226CEB}.Debug|Any CPU.ActiveCfg = Debug|Any CPU
		{876BF2ED-8EF9-8AA1-845C-6553DA226CEB}.Debug|Any CPU.Build.0 = Debug|Any CPU
		{876BF2ED-8EF9-8AA1-845C-6553DA226CEB}.Release|Any CPU.ActiveCfg = Release|Any CPU
		{876BF2ED-8EF9-8AA1-845C-6553DA226CEB}.Release|Any CPU.Build.0 = Release|Any CPU
		{72D1CCD6-4918-D83F-4831-FEC810499423}.Debug|Any CPU.ActiveCfg = Debug|Any CPU
		{72D1CCD6-4918-D83F-4831-FEC810499423}.Debug|Any CPU.Build.0 = Debug|Any CPU
		{72D1CCD6-4918-D83F-4831-FEC810499423}.Release|Any CPU.ActiveCfg = Release|Any CPU
		{72D1CCD6-4918-D83F-4831-FEC810499423}.Release|Any CPU.Build.0 = Release|Any CPU
		{E7B16C79-E22B-E552-9AF4-CE06EA7F9AF7}.Debug|Any CPU.ActiveCfg = Debug|Any CPU
		{E7B16C79-E22B-E552-9AF4-CE06EA7F9AF7}.Debug|Any CPU.Build.0 = Debug|Any CPU
		{E7B16C79-E22B-E552-9AF4-CE06EA7F9AF7}.Release|Any CPU.ActiveCfg = Release|Any CPU
		{E7B16C79-E22B-E552-9AF4-CE06EA7F9AF7}.Release|Any CPU.Build.0 = Release|Any CPU
		{D7B5BCFC-9E25-5CC0-F9C8-6E7CB2899C85}.Debug|Any CPU.ActiveCfg = Debug|Any CPU
		{D7B5BCFC-9E25-5CC0-F9C8-6E7CB2899C85}.Debug|Any CPU.Build.0 = Debug|Any CPU
		{D7B5BCFC-9E25-5CC0-F9C8-6E7CB2899C85}.Release|Any CPU.ActiveCfg = Release|Any CPU
		{D7B5BCFC-9E25-5CC0-F9C8-6E7CB2899C85}.Release|Any CPU.Build.0 = Release|Any CPU
		{81DA5960-D01F-6672-0961-9D641116AD5E}.Debug|Any CPU.ActiveCfg = Debug|Any CPU
		{81DA5960-D01F-6672-0961-9D641116AD5E}.Debug|Any CPU.Build.0 = Debug|Any CPU
		{81DA5960-D01F-6672-0961-9D641116AD5E}.Release|Any CPU.ActiveCfg = Release|Any CPU
		{81DA5960-D01F-6672-0961-9D641116AD5E}.Release|Any CPU.Build.0 = Release|Any CPU
		{E33677FD-5CF7-3FF8-A1B9-27EAC8F29575}.Debug|Any CPU.ActiveCfg = Debug|Any CPU
		{E33677FD-5CF7-3FF8-A1B9-27EAC8F29575}.Debug|Any CPU.Build.0 = Debug|Any CPU
		{E33677FD-5CF7-3FF8-A1B9-27EAC8F29575}.Release|Any CPU.ActiveCfg = Release|Any CPU
		{E33677FD-5CF7-3FF8-A1B9-27EAC8F29575}.Release|Any CPU.Build.0 = Release|Any CPU
		{AD7CD69D-A986-0CC6-B34B-CE1E4654BFFD}.Debug|Any CPU.ActiveCfg = Debug|Any CPU
		{AD7CD69D-A986-0CC6-B34B-CE1E4654BFFD}.Debug|Any CPU.Build.0 = Debug|Any CPU
		{AD7CD69D-A986-0CC6-B34B-CE1E4654BFFD}.Release|Any CPU.ActiveCfg = Release|Any CPU
		{AD7CD69D-A986-0CC6-B34B-CE1E4654BFFD}.Release|Any CPU.Build.0 = Release|Any CPU
		{1623181D-7E7E-396E-C879-A25181DC332C}.Debug|Any CPU.ActiveCfg = Debug|Any CPU
		{1623181D-7E7E-396E-C879-A25181DC332C}.Debug|Any CPU.Build.0 = Debug|Any CPU
		{1623181D-7E7E-396E-C879-A25181DC332C}.Release|Any CPU.ActiveCfg = Release|Any CPU
		{1623181D-7E7E-396E-C879-A25181DC332C}.Release|Any CPU.Build.0 = Release|Any CPU
		{45736FBC-937D-8A03-FB38-B6EF9147E8E4}.Debug|Any CPU.ActiveCfg = Debug|Any CPU
		{45736FBC-937D-8A03-FB38-B6EF9147E8E4}.Debug|Any CPU.Build.0 = Debug|Any CPU
		{45736FBC-937D-8A03-FB38-B6EF9147E8E4}.Release|Any CPU.ActiveCfg = Release|Any CPU
		{45736FBC-937D-8A03-FB38-B6EF9147E8E4}.Release|Any CPU.Build.0 = Release|Any CPU
		{29A9E2D0-9DD2-943E-B6D8-06373FDFD409}.Debug|Any CPU.ActiveCfg = Debug|Any CPU
		{29A9E2D0-9DD2-943E-B6D8-06373FDFD409}.Debug|Any CPU.Build.0 = Debug|Any CPU
		{29A9E2D0-9DD2-943E-B6D8-06373FDFD409}.Release|Any CPU.ActiveCfg = Release|Any CPU
		{29A9E2D0-9DD2-943E-B6D8-06373FDFD409}.Release|Any CPU.Build.0 = Release|Any CPU
		{1D244363-3E96-289F-2E5D-0468D7B5968C}.Debug|Any CPU.ActiveCfg = Debug|Any CPU
		{1D244363-3E96-289F-2E5D-0468D7B5968C}.Debug|Any CPU.Build.0 = Debug|Any CPU
		{1D244363-3E96-289F-2E5D-0468D7B5968C}.Release|Any CPU.ActiveCfg = Release|Any CPU
		{1D244363-3E96-289F-2E5D-0468D7B5968C}.Release|Any CPU.Build.0 = Release|Any CPU
		{971BF1EA-A649-2D35-DEFC-F34C9AB36850}.Debug|Any CPU.ActiveCfg = Debug|Any CPU
		{971BF1EA-A649-2D35-DEFC-F34C9AB36850}.Debug|Any CPU.Build.0 = Debug|Any CPU
		{971BF1EA-A649-2D35-DEFC-F34C9AB36850}.Release|Any CPU.ActiveCfg = Release|Any CPU
		{971BF1EA-A649-2D35-DEFC-F34C9AB36850}.Release|Any CPU.Build.0 = Release|Any CPU
		{BD886341-B771-E99C-436D-AA09341BF4FC}.Debug|Any CPU.ActiveCfg = Debug|Any CPU
		{BD886341-B771-E99C-436D-AA09341BF4FC}.Debug|Any CPU.Build.0 = Debug|Any CPU
		{BD886341-B771-E99C-436D-AA09341BF4FC}.Release|Any CPU.ActiveCfg = Release|Any CPU
		{BD886341-B771-E99C-436D-AA09341BF4FC}.Release|Any CPU.Build.0 = Release|Any CPU
		{0BEAE324-1915-5198-E2D5-2178E3866615}.Debug|Any CPU.ActiveCfg = Debug|Any CPU
		{0BEAE324-1915-5198-E2D5-2178E3866615}.Debug|Any CPU.Build.0 = Debug|Any CPU
		{0BEAE324-1915-5198-E2D5-2178E3866615}.Release|Any CPU.ActiveCfg = Release|Any CPU
		{0BEAE324-1915-5198-E2D5-2178E3866615}.Release|Any CPU.Build.0 = Release|Any CPU
		{08AE9E77-F842-48D3-E776-84C08CB15781}.Debug|Any CPU.ActiveCfg = Debug|Any CPU
		{08AE9E77-F842-48D3-E776-84C08CB15781}.Debug|Any CPU.Build.0 = Debug|Any CPU
		{08AE9E77-F842-48D3-E776-84C08CB15781}.Release|Any CPU.ActiveCfg = Release|Any CPU
		{08AE9E77-F842-48D3-E776-84C08CB15781}.Release|Any CPU.Build.0 = Release|Any CPU
		{C5664957-4B28-CD8F-A8FC-7FD9A7A99EF1}.Debug|Any CPU.ActiveCfg = Debug|Any CPU
		{C5664957-4B28-CD8F-A8FC-7FD9A7A99EF1}.Debug|Any CPU.Build.0 = Debug|Any CPU
		{C5664957-4B28-CD8F-A8FC-7FD9A7A99EF1}.Release|Any CPU.ActiveCfg = Release|Any CPU
		{C5664957-4B28-CD8F-A8FC-7FD9A7A99EF1}.Release|Any CPU.Build.0 = Release|Any CPU
		{BCBF7E28-6E80-1318-8441-0C7A0AF9B479}.Debug|Any CPU.ActiveCfg = Debug|Any CPU
		{BCBF7E28-6E80-1318-8441-0C7A0AF9B479}.Debug|Any CPU.Build.0 = Debug|Any CPU
		{BCBF7E28-6E80-1318-8441-0C7A0AF9B479}.Release|Any CPU.ActiveCfg = Release|Any CPU
		{BCBF7E28-6E80-1318-8441-0C7A0AF9B479}.Release|Any CPU.Build.0 = Release|Any CPU
		{5BD2E1EB-53B0-C5C9-37F5-6EA155BE1324}.Debug|Any CPU.ActiveCfg = Debug|Any CPU
		{5BD2E1EB-53B0-C5C9-37F5-6EA155BE1324}.Debug|Any CPU.Build.0 = Debug|Any CPU
		{5BD2E1EB-53B0-C5C9-37F5-6EA155BE1324}.Release|Any CPU.ActiveCfg = Release|Any CPU
		{5BD2E1EB-53B0-C5C9-37F5-6EA155BE1324}.Release|Any CPU.Build.0 = Release|Any CPU
		{75B80CB3-36C7-9E5E-BD11-CE76F6C8072E}.Debug|Any CPU.ActiveCfg = Debug|Any CPU
		{75B80CB3-36C7-9E5E-BD11-CE76F6C8072E}.Debug|Any CPU.Build.0 = Debug|Any CPU
		{75B80CB3-36C7-9E5E-BD11-CE76F6C8072E}.Release|Any CPU.ActiveCfg = Release|Any CPU
		{75B80CB3-36C7-9E5E-BD11-CE76F6C8072E}.Release|Any CPU.Build.0 = Release|Any CPU
		{57649170-47A8-51C2-E8FC-3444E1A3A424}.Debug|Any CPU.ActiveCfg = Debug|Any CPU
		{57649170-47A8-51C2-E8FC-3444E1A3A424}.Debug|Any CPU.Build.0 = Debug|Any CPU
		{57649170-47A8-51C2-E8FC-3444E1A3A424}.Release|Any CPU.ActiveCfg = Release|Any CPU
		{57649170-47A8-51C2-E8FC-3444E1A3A424}.Release|Any CPU.Build.0 = Release|Any CPU
		{1A80D323-380C-6866-3753-640EBEC1C616}.Debug|Any CPU.ActiveCfg = Debug|Any CPU
		{1A80D323-380C-6866-3753-640EBEC1C616}.Debug|Any CPU.Build.0 = Debug|Any CPU
		{1A80D323-380C-6866-3753-640EBEC1C616}.Release|Any CPU.ActiveCfg = Release|Any CPU
		{1A80D323-380C-6866-3753-640EBEC1C616}.Release|Any CPU.Build.0 = Release|Any CPU
		{45C33994-CE5E-D148-253E-1EA1C72D2D34}.Debug|Any CPU.ActiveCfg = Debug|Any CPU
		{45C33994-CE5E-D148-253E-1EA1C72D2D34}.Debug|Any CPU.Build.0 = Debug|Any CPU
		{45C33994-CE5E-D148-253E-1EA1C72D2D34}.Release|Any CPU.ActiveCfg = Release|Any CPU
		{45C33994-CE5E-D148-253E-1EA1C72D2D34}.Release|Any CPU.Build.0 = Release|Any CPU
		{A76F5815-3D88-7AB5-1E9D-93A7759B7D9F}.Debug|Any CPU.ActiveCfg = Debug|Any CPU
		{A76F5815-3D88-7AB5-1E9D-93A7759B7D9F}.Debug|Any CPU.Build.0 = Debug|Any CPU
		{A76F5815-3D88-7AB5-1E9D-93A7759B7D9F}.Release|Any CPU.ActiveCfg = Release|Any CPU
		{A76F5815-3D88-7AB5-1E9D-93A7759B7D9F}.Release|Any CPU.Build.0 = Release|Any CPU
		{776A8418-D388-17EF-DE20-4296526EEB5C}.Debug|Any CPU.ActiveCfg = Debug|Any CPU
		{776A8418-D388-17EF-DE20-4296526EEB5C}.Debug|Any CPU.Build.0 = Debug|Any CPU
		{776A8418-D388-17EF-DE20-4296526EEB5C}.Release|Any CPU.ActiveCfg = Release|Any CPU
		{776A8418-D388-17EF-DE20-4296526EEB5C}.Release|Any CPU.Build.0 = Release|Any CPU
		{17A8DE5E-24DC-43C2-FBC3-76A0C4A719FF}.Debug|Any CPU.ActiveCfg = Debug|Any CPU
		{17A8DE5E-24DC-43C2-FBC3-76A0C4A719FF}.Debug|Any CPU.Build.0 = Debug|Any CPU
		{17A8DE5E-24DC-43C2-FBC3-76A0C4A719FF}.Release|Any CPU.ActiveCfg = Release|Any CPU
		{17A8DE5E-24DC-43C2-FBC3-76A0C4A719FF}.Release|Any CPU.Build.0 = Release|Any CPU
		{2251C651-70A7-99C6-499A-4FADB8E5436F}.Debug|Any CPU.ActiveCfg = Debug|Any CPU
		{2251C651-70A7-99C6-499A-4FADB8E5436F}.Debug|Any CPU.Build.0 = Debug|Any CPU
		{2251C651-70A7-99C6-499A-4FADB8E5436F}.Release|Any CPU.ActiveCfg = Release|Any CPU
		{2251C651-70A7-99C6-499A-4FADB8E5436F}.Release|Any CPU.Build.0 = Release|Any CPU
		{82B678C3-EE89-8270-1A5D-DB8B7018B326}.Debug|Any CPU.ActiveCfg = Debug|Any CPU
		{82B678C3-EE89-8270-1A5D-DB8B7018B326}.Debug|Any CPU.Build.0 = Debug|Any CPU
		{82B678C3-EE89-8270-1A5D-DB8B7018B326}.Release|Any CPU.ActiveCfg = Release|Any CPU
		{82B678C3-EE89-8270-1A5D-DB8B7018B326}.Release|Any CPU.Build.0 = Release|Any CPU
		{6049E104-397E-D997-1BC9-370C2ABB0B15}.Debug|Any CPU.ActiveCfg = Debug|Any CPU
		{6049E104-397E-D997-1BC9-370C2ABB0B15}.Debug|Any CPU.Build.0 = Debug|Any CPU
		{6049E104-397E-D997-1BC9-370C2ABB0B15}.Release|Any CPU.ActiveCfg = Release|Any CPU
		{6049E104-397E-D997-1BC9-370C2ABB0B15}.Release|Any CPU.Build.0 = Release|Any CPU
		{75C48746-1751-0793-5549-6BCDE484EBE0}.Debug|Any CPU.ActiveCfg = Debug|Any CPU
		{75C48746-1751-0793-5549-6BCDE484EBE0}.Debug|Any CPU.Build.0 = Debug|Any CPU
		{75C48746-1751-0793-5549-6BCDE484EBE0}.Release|Any CPU.ActiveCfg = Release|Any CPU
		{75C48746-1751-0793-5549-6BCDE484EBE0}.Release|Any CPU.Build.0 = Release|Any CPU
	EndGlobalSection
	GlobalSection(SolutionProperties) = preSolution
		HideSolutionNode = FALSE
	EndGlobalSection
EndGlobal
